// !$*UTF8*$!
{
	archiveVersion = 1;
	classes = {
	};
	objectVersion = 46;
	objects = {

/* Begin PBXBuildFile section */
		2154509A1B032F8D005A8A2A /* main.m in Sources */ = {isa = PBXBuildFile; fileRef = 215450991B032F8D005A8A2A /* main.m */; };
		2154509D1B032F8D005A8A2A /* AppDelegate.m in Sources */ = {isa = PBXBuildFile; fileRef = 2154509C1B032F8D005A8A2A /* AppDelegate.m */; };
		215450A01B032F8D005A8A2A /* CXLSlideList.xcdatamodeld in Sources */ = {isa = PBXBuildFile; fileRef = 2154509E1B032F8D005A8A2A /* CXLSlideList.xcdatamodeld */; };
		215450A81B032F8D005A8A2A /* Images.xcassets in Resources */ = {isa = PBXBuildFile; fileRef = 215450A71B032F8D005A8A2A /* Images.xcassets */; };
		215450AB1B032F8D005A8A2A /* LaunchScreen.xib in Resources */ = {isa = PBXBuildFile; fileRef = 215450A91B032F8D005A8A2A /* LaunchScreen.xib */; };
		215450B71B032F8D005A8A2A /* CXLSlideListTests.m in Sources */ = {isa = PBXBuildFile; fileRef = 215450B61B032F8D005A8A2A /* CXLSlideListTests.m */; };
		215450C31B032FCC005A8A2A /* CXLSlideListViewController.m in Sources */ = {isa = PBXBuildFile; fileRef = 215450C21B032FCC005A8A2A /* CXLSlideListViewController.m */; };
		215450C81B048209005A8A2A /* MainTableViewController.m in Sources */ = {isa = PBXBuildFile; fileRef = 215450C71B048209005A8A2A /* MainTableViewController.m */; };
		215450CB1B04821A005A8A2A /* SecondTableViewController.m in Sources */ = {isa = PBXBuildFile; fileRef = 215450CA1B04821A005A8A2A /* SecondTableViewController.m */; };
		215450CE1B048225005A8A2A /* ThirdTableViewController.m in Sources */ = {isa = PBXBuildFile; fileRef = 215450CD1B048225005A8A2A /* ThirdTableViewController.m */; };
/* End PBXBuildFile section */

/* Begin PBXContainerItemProxy section */
		215450B11B032F8D005A8A2A /* PBXContainerItemProxy */ = {
			isa = PBXContainerItemProxy;
			containerPortal = 2154508C1B032F8D005A8A2A /* Project object */;
			proxyType = 1;
			remoteGlobalIDString = 215450931B032F8D005A8A2A;
			remoteInfo = CXLSlideList;
		};
/* End PBXContainerItemProxy section */

/* Begin PBXFileReference section */
		215450941B032F8D005A8A2A /* CXLSlideList.app */ = {isa = PBXFileReference; explicitFileType = wrapper.application; includeInIndex = 0; path = CXLSlideList.app; sourceTree = BUILT_PRODUCTS_DIR; };
		215450981B032F8D005A8A2A /* Info.plist */ = {isa = PBXFileReference; lastKnownFileType = text.plist.xml; path = Info.plist; sourceTree = "<group>"; };
		215450991B032F8D005A8A2A /* main.m */ = {isa = PBXFileReference; lastKnownFileType = sourcecode.c.objc; path = main.m; sourceTree = "<group>"; };
		2154509B1B032F8D005A8A2A /* AppDelegate.h */ = {isa = PBXFileReference; lastKnownFileType = sourcecode.c.h; path = AppDelegate.h; sourceTree = "<group>"; };
		2154509C1B032F8D005A8A2A /* AppDelegate.m */ = {isa = PBXFileReference; lastKnownFileType = sourcecode.c.objc; path = AppDelegate.m; sourceTree = "<group>"; };
		2154509F1B032F8D005A8A2A /* CXLSlideList.xcdatamodel */ = {isa = PBXFileReference; lastKnownFileType = wrapper.xcdatamodel; path = CXLSlideList.xcdatamodel; sourceTree = "<group>"; };
		215450A71B032F8D005A8A2A /* Images.xcassets */ = {isa = PBXFileReference; lastKnownFileType = folder.assetcatalog; path = Images.xcassets; sourceTree = "<group>"; };
		215450AA1B032F8D005A8A2A /* Base */ = {isa = PBXFileReference; lastKnownFileType = file.xib; name = Base; path = Base.lproj/LaunchScreen.xib; sourceTree = "<group>"; };
		215450B01B032F8D005A8A2A /* CXLSlideListTests.xctest */ = {isa = PBXFileReference; explicitFileType = wrapper.cfbundle; includeInIndex = 0; path = CXLSlideListTests.xctest; sourceTree = BUILT_PRODUCTS_DIR; };
		215450B51B032F8D005A8A2A /* Info.plist */ = {isa = PBXFileReference; lastKnownFileType = text.plist.xml; path = Info.plist; sourceTree = "<group>"; };
		215450B61B032F8D005A8A2A /* CXLSlideListTests.m */ = {isa = PBXFileReference; lastKnownFileType = sourcecode.c.objc; path = CXLSlideListTests.m; sourceTree = "<group>"; };
		215450C11B032FCC005A8A2A /* CXLSlideListViewController.h */ = {isa = PBXFileReference; fileEncoding = 4; lastKnownFileType = sourcecode.c.h; path = CXLSlideListViewController.h; sourceTree = "<group>"; };
		215450C21B032FCC005A8A2A /* CXLSlideListViewController.m */ = {isa = PBXFileReference; fileEncoding = 4; lastKnownFileType = sourcecode.c.objc; path = CXLSlideListViewController.m; sourceTree = "<group>"; };
		215450C41B04780E005A8A2A /* PrefixHeader.pch */ = {isa = PBXFileReference; lastKnownFileType = sourcecode.c.h; path = PrefixHeader.pch; sourceTree = "<group>"; };
		215450C61B048209005A8A2A /* MainTableViewController.h */ = {isa = PBXFileReference; fileEncoding = 4; lastKnownFileType = sourcecode.c.h; path = MainTableViewController.h; sourceTree = "<group>"; };
		215450C71B048209005A8A2A /* MainTableViewController.m */ = {isa = PBXFileReference; fileEncoding = 4; lastKnownFileType = sourcecode.c.objc; path = MainTableViewController.m; sourceTree = "<group>"; };
		215450C91B04821A005A8A2A /* SecondTableViewController.h */ = {isa = PBXFileReference; fileEncoding = 4; lastKnownFileType = sourcecode.c.h; path = SecondTableViewController.h; sourceTree = "<group>"; };
		215450CA1B04821A005A8A2A /* SecondTableViewController.m */ = {isa = PBXFileReference; fileEncoding = 4; lastKnownFileType = sourcecode.c.objc; path = SecondTableViewController.m; sourceTree = "<group>"; };
		215450CC1B048225005A8A2A /* ThirdTableViewController.h */ = {isa = PBXFileReference; fileEncoding = 4; lastKnownFileType = sourcecode.c.h; path = ThirdTableViewController.h; sourceTree = "<group>"; };
		215450CD1B048225005A8A2A /* ThirdTableViewController.m */ = {isa = PBXFileReference; fileEncoding = 4; lastKnownFileType = sourcecode.c.objc; path = ThirdTableViewController.m; sourceTree = "<group>"; };
/* End PBXFileReference section */

/* Begin PBXFrameworksBuildPhase section */
		215450911B032F8D005A8A2A /* Frameworks */ = {
			isa = PBXFrameworksBuildPhase;
			buildActionMask = 2147483647;
			files = (
			);
			runOnlyForDeploymentPostprocessing = 0;
		};
		215450AD1B032F8D005A8A2A /* Frameworks */ = {
			isa = PBXFrameworksBuildPhase;
			buildActionMask = 2147483647;
			files = (
			);
			runOnlyForDeploymentPostprocessing = 0;
		};
/* End PBXFrameworksBuildPhase section */

/* Begin PBXGroup section */
		2154508B1B032F8D005A8A2A = {
			isa = PBXGroup;
			children = (
				215450961B032F8D005A8A2A /* CXLSlideList */,
				215450B31B032F8D005A8A2A /* CXLSlideListTests */,
				215450951B032F8D005A8A2A /* Products */,
			);
			sourceTree = "<group>";
		};
		215450951B032F8D005A8A2A /* Products */ = {
			isa = PBXGroup;
			children = (
				215450941B032F8D005A8A2A /* CXLSlideList.app */,
				215450B01B032F8D005A8A2A /* CXLSlideListTests.xctest */,
			);
			name = Products;
			sourceTree = "<group>";
		};
		215450961B032F8D005A8A2A /* CXLSlideList */ = {
			isa = PBXGroup;
			children = (
				2154509B1B032F8D005A8A2A /* AppDelegate.h */,
				2154509C1B032F8D005A8A2A /* AppDelegate.m */,
				215450C51B0481E6005A8A2A /* Example */,
				215450C01B032FB9005A8A2A /* CXLSlideList */,
				215450A71B032F8D005A8A2A /* Images.xcassets */,
				215450A91B032F8D005A8A2A /* LaunchScreen.xib */,
				2154509E1B032F8D005A8A2A /* CXLSlideList.xcdatamodeld */,
				215450971B032F8D005A8A2A /* Supporting Files */,
			);
			path = CXLSlideList;
			sourceTree = "<group>";
		};
		215450971B032F8D005A8A2A /* Supporting Files */ = {
			isa = PBXGroup;
			children = (
				215450C41B04780E005A8A2A /* PrefixHeader.pch */,
				215450981B032F8D005A8A2A /* Info.plist */,
				215450991B032F8D005A8A2A /* main.m */,
			);
			name = "Supporting Files";
			sourceTree = "<group>";
		};
		215450B31B032F8D005A8A2A /* CXLSlideListTests */ = {
			isa = PBXGroup;
			children = (
				215450B61B032F8D005A8A2A /* CXLSlideListTests.m */,
				215450B41B032F8D005A8A2A /* Supporting Files */,
			);
			path = CXLSlideListTests;
			sourceTree = "<group>";
		};
		215450B41B032F8D005A8A2A /* Supporting Files */ = {
			isa = PBXGroup;
			children = (
				215450B51B032F8D005A8A2A /* Info.plist */,
			);
			name = "Supporting Files";
			sourceTree = "<group>";
		};
		215450C01B032FB9005A8A2A /* CXLSlideList */ = {
			isa = PBXGroup;
			children = (
				215450C11B032FCC005A8A2A /* CXLSlideListViewController.h */,
				215450C21B032FCC005A8A2A /* CXLSlideListViewController.m */,
			);
			path = CXLSlideList;
			sourceTree = "<group>";
		};
		215450C51B0481E6005A8A2A /* Example */ = {
			isa = PBXGroup;
			children = (
				215450C61B048209005A8A2A /* MainTableViewController.h */,
				215450C71B048209005A8A2A /* MainTableViewController.m */,
				215450C91B04821A005A8A2A /* SecondTableViewController.h */,
				215450CA1B04821A005A8A2A /* SecondTableViewController.m */,
				215450CC1B048225005A8A2A /* ThirdTableViewController.h */,
				215450CD1B048225005A8A2A /* ThirdTableViewController.m */,
			);
			path = Example;
			sourceTree = "<group>";
		};
/* End PBXGroup section */

/* Begin PBXNativeTarget section */
		215450931B032F8D005A8A2A /* CXLSlideList */ = {
			isa = PBXNativeTarget;
			buildConfigurationList = 215450BA1B032F8D005A8A2A /* Build configuration list for PBXNativeTarget "CXLSlideList" */;
			buildPhases = (
				215450901B032F8D005A8A2A /* Sources */,
				215450911B032F8D005A8A2A /* Frameworks */,
				215450921B032F8D005A8A2A /* Resources */,
			);
			buildRules = (
			);
			dependencies = (
			);
			name = CXLSlideList;
			productName = CXLSlideList;
			productReference = 215450941B032F8D005A8A2A /* CXLSlideList.app */;
			productType = "com.apple.product-type.application";
		};
		215450AF1B032F8D005A8A2A /* CXLSlideListTests */ = {
			isa = PBXNativeTarget;
			buildConfigurationList = 215450BD1B032F8D005A8A2A /* Build configuration list for PBXNativeTarget "CXLSlideListTests" */;
			buildPhases = (
				215450AC1B032F8D005A8A2A /* Sources */,
				215450AD1B032F8D005A8A2A /* Frameworks */,
				215450AE1B032F8D005A8A2A /* Resources */,
			);
			buildRules = (
			);
			dependencies = (
				215450B21B032F8D005A8A2A /* PBXTargetDependency */,
			);
			name = CXLSlideListTests;
			productName = CXLSlideListTests;
			productReference = 215450B01B032F8D005A8A2A /* CXLSlideListTests.xctest */;
			productType = "com.apple.product-type.bundle.unit-test";
		};
/* End PBXNativeTarget section */

/* Begin PBXProject section */
		2154508C1B032F8D005A8A2A /* Project object */ = {
			isa = PBXProject;
			attributes = {
				LastUpgradeCheck = 0630;
				ORGANIZATIONNAME = lawrence;
				TargetAttributes = {
					215450931B032F8D005A8A2A = {
						CreatedOnToolsVersion = 6.3.1;
						DevelopmentTeam = 52KTBFLJDB;
					};
					215450AF1B032F8D005A8A2A = {
						CreatedOnToolsVersion = 6.3.1;
						TestTargetID = 215450931B032F8D005A8A2A;
					};
				};
			};
			buildConfigurationList = 2154508F1B032F8D005A8A2A /* Build configuration list for PBXProject "CXLSlideList" */;
			compatibilityVersion = "Xcode 3.2";
			developmentRegion = English;
			hasScannedForEncodings = 0;
			knownRegions = (
				en,
				Base,
			);
			mainGroup = 2154508B1B032F8D005A8A2A;
			productRefGroup = 215450951B032F8D005A8A2A /* Products */;
			projectDirPath = "";
			projectRoot = "";
			targets = (
				215450931B032F8D005A8A2A /* CXLSlideList */,
				215450AF1B032F8D005A8A2A /* CXLSlideListTests */,
			);
		};
/* End PBXProject section */

/* Begin PBXResourcesBuildPhase section */
		215450921B032F8D005A8A2A /* Resources */ = {
			isa = PBXResourcesBuildPhase;
			buildActionMask = 2147483647;
			files = (
				215450AB1B032F8D005A8A2A /* LaunchScreen.xib in Resources */,
				215450A81B032F8D005A8A2A /* Images.xcassets in Resources */,
			);
			runOnlyForDeploymentPostprocessing = 0;
		};
		215450AE1B032F8D005A8A2A /* Resources */ = {
			isa = PBXResourcesBuildPhase;
			buildActionMask = 2147483647;
			files = (
			);
			runOnlyForDeploymentPostprocessing = 0;
		};
/* End PBXResourcesBuildPhase section */

/* Begin PBXSourcesBuildPhase section */
		215450901B032F8D005A8A2A /* Sources */ = {
			isa = PBXSourcesBuildPhase;
			buildActionMask = 2147483647;
			files = (
				215450CE1B048225005A8A2A /* ThirdTableViewController.m in Sources */,
				2154509D1B032F8D005A8A2A /* AppDelegate.m in Sources */,
				215450A01B032F8D005A8A2A /* CXLSlideList.xcdatamodeld in Sources */,
				215450C31B032FCC005A8A2A /* CXLSlideListViewController.m in Sources */,
				215450C81B048209005A8A2A /* MainTableViewController.m in Sources */,
				2154509A1B032F8D005A8A2A /* main.m in Sources */,
				215450CB1B04821A005A8A2A /* SecondTableViewController.m in Sources */,
			);
			runOnlyForDeploymentPostprocessing = 0;
		};
		215450AC1B032F8D005A8A2A /* Sources */ = {
			isa = PBXSourcesBuildPhase;
			buildActionMask = 2147483647;
			files = (
				215450B71B032F8D005A8A2A /* CXLSlideListTests.m in Sources */,
			);
			runOnlyForDeploymentPostprocessing = 0;
		};
/* End PBXSourcesBuildPhase section */

/* Begin PBXTargetDependency section */
		215450B21B032F8D005A8A2A /* PBXTargetDependency */ = {
			isa = PBXTargetDependency;
			target = 215450931B032F8D005A8A2A /* CXLSlideList */;
			targetProxy = 215450B11B032F8D005A8A2A /* PBXContainerItemProxy */;
		};
/* End PBXTargetDependency section */

/* Begin PBXVariantGroup section */
		215450A91B032F8D005A8A2A /* LaunchScreen.xib */ = {
			isa = PBXVariantGroup;
			children = (
				215450AA1B032F8D005A8A2A /* Base */,
			);
			name = LaunchScreen.xib;
			sourceTree = "<group>";
		};
/* End PBXVariantGroup section */

/* Begin XCBuildConfiguration section */
		215450B81B032F8D005A8A2A /* Debug */ = {
			isa = XCBuildConfiguration;
			buildSettings = {
				ALWAYS_SEARCH_USER_PATHS = NO;
				CLANG_CXX_LANGUAGE_STANDARD = "gnu++0x";
				CLANG_CXX_LIBRARY = "libc++";
				CLANG_ENABLE_MODULES = YES;
				CLANG_ENABLE_OBJC_ARC = YES;
				CLANG_WARN_BOOL_CONVERSION = YES;
				CLANG_WARN_CONSTANT_CONVERSION = YES;
				CLANG_WARN_DIRECT_OBJC_ISA_USAGE = YES_ERROR;
				CLANG_WARN_EMPTY_BODY = YES;
				CLANG_WARN_ENUM_CONVERSION = YES;
				CLANG_WARN_INT_CONVERSION = YES;
				CLANG_WARN_OBJC_ROOT_CLASS = YES_ERROR;
				CLANG_WARN_UNREACHABLE_CODE = YES;
				CLANG_WARN__DUPLICATE_METHOD_MATCH = YES;
				"CODE_SIGN_IDENTITY[sdk=iphoneos*]" = "iPhone Developer";
				COPY_PHASE_STRIP = NO;
				DEBUG_INFORMATION_FORMAT = "dwarf-with-dsym";
				ENABLE_STRICT_OBJC_MSGSEND = YES;
				GCC_C_LANGUAGE_STANDARD = gnu99;
				GCC_DYNAMIC_NO_PIC = NO;
				GCC_NO_COMMON_BLOCKS = YES;
				GCC_OPTIMIZATION_LEVEL = 0;
				GCC_PREFIX_HEADER = CXLSlideList/PrefixHeader.pch;
				GCC_PREPROCESSOR_DEFINITIONS = (
					"DEBUG=1",
					"$(inherited)",
				);
				GCC_SYMBOLS_PRIVATE_EXTERN = NO;
				GCC_WARN_64_TO_32_BIT_CONVERSION = YES;
				GCC_WARN_ABOUT_RETURN_TYPE = YES_ERROR;
				GCC_WARN_UNDECLARED_SELECTOR = YES;
				GCC_WARN_UNINITIALIZED_AUTOS = YES_AGGRESSIVE;
				GCC_WARN_UNUSED_FUNCTION = YES;
				GCC_WARN_UNUSED_VARIABLE = YES;
				IPHONEOS_DEPLOYMENT_TARGET = 8.3;
				MTL_ENABLE_DEBUG_INFO = YES;
				ONLY_ACTIVE_ARCH = YES;
				SDKROOT = iphoneos;
			};
			name = Debug;
		};
		215450B91B032F8D005A8A2A /* Release */ = {
			isa = XCBuildConfiguration;
			buildSettings = {
				ALWAYS_SEARCH_USER_PATHS = NO;
				CLANG_CXX_LANGUAGE_STANDARD = "gnu++0x";
				CLANG_CXX_LIBRARY = "libc++";
				CLANG_ENABLE_MODULES = YES;
				CLANG_ENABLE_OBJC_ARC = YES;
				CLANG_WARN_BOOL_CONVERSION = YES;
				CLANG_WARN_CONSTANT_CONVERSION = YES;
				CLANG_WARN_DIRECT_OBJC_ISA_USAGE = YES_ERROR;
				CLANG_WARN_EMPTY_BODY = YES;
				CLANG_WARN_ENUM_CONVERSION = YES;
				CLANG_WARN_INT_CONVERSION = YES;
				CLANG_WARN_OBJC_ROOT_CLASS = YES_ERROR;
				CLANG_WARN_UNREACHABLE_CODE = YES;
				CLANG_WARN__DUPLICATE_METHOD_MATCH = YES;
				"CODE_SIGN_IDENTITY[sdk=iphoneos*]" = "iPhone Developer";
				COPY_PHASE_STRIP = NO;
				DEBUG_INFORMATION_FORMAT = "dwarf-with-dsym";
				ENABLE_NS_ASSERTIONS = NO;
				ENABLE_STRICT_OBJC_MSGSEND = YES;
				GCC_C_LANGUAGE_STANDARD = gnu99;
				GCC_NO_COMMON_BLOCKS = YES;
				GCC_PREFIX_HEADER = CXLSlideList/PrefixHeader.pch;
				GCC_WARN_64_TO_32_BIT_CONVERSION = YES;
				GCC_WARN_ABOUT_RETURN_TYPE = YES_ERROR;
				GCC_WARN_UNDECLARED_SELECTOR = YES;
				GCC_WARN_UNINITIALIZED_AUTOS = YES_AGGRESSIVE;
				GCC_WARN_UNUSED_FUNCTION = YES;
				GCC_WARN_UNUSED_VARIABLE = YES;
				IPHONEOS_DEPLOYMENT_TARGET = 8.3;
				MTL_ENABLE_DEBUG_INFO = NO;
				SDKROOT = iphoneos;
				VALIDATE_PRODUCT = YES;
			};
			name = Release;
		};
		215450BB1B032F8D005A8A2A /* Debug */ = {
			isa = XCBuildConfiguration;
			buildSettings = {
				ASSETCATALOG_COMPILER_APPICON_NAME = AppIcon;
				CODE_SIGN_IDENTITY = "iPhone Developer";
				"CODE_SIGN_IDENTITY[sdk=iphoneos*]" = "iPhone Developer";
				GCC_INCREASE_PRECOMPILED_HEADER_SHARING = YES;
				GCC_PRECOMPILE_PREFIX_HEADER = YES;
				GCC_PREFIX_HEADER = CXLSlideList/PrefixHeader.pch;
				INFOPLIST_FILE = CXLSlideList/Info.plist;
				IPHONEOS_DEPLOYMENT_TARGET = 7.0;
				LD_RUNPATH_SEARCH_PATHS = "$(inherited) @executable_path/Frameworks";
				ONLY_ACTIVE_ARCH = NO;
				PRODUCT_NAME = "$(TARGET_NAME)";
				PROVISIONING_PROFILE = "";
			};
			name = Debug;
		};
		215450BC1B032F8D005A8A2A /* Release */ = {
			isa = XCBuildConfiguration;
			buildSettings = {
				ASSETCATALOG_COMPILER_APPICON_NAME = AppIcon;
				CODE_SIGN_IDENTITY = "iPhone Developer";
				"CODE_SIGN_IDENTITY[sdk=iphoneos*]" = "iPhone Developer";
				GCC_INCREASE_PRECOMPILED_HEADER_SHARING = YES;
				GCC_PRECOMPILE_PREFIX_HEADER = YES;
				GCC_PREFIX_HEADER = CXLSlideList/PrefixHeader.pch;
				INFOPLIST_FILE = CXLSlideList/Info.plist;
				IPHONEOS_DEPLOYMENT_TARGET = 7.0;
				LD_RUNPATH_SEARCH_PATHS = "$(inherited) @executable_path/Frameworks";
				PRODUCT_NAME = "$(TARGET_NAME)";
				PROVISIONING_PROFILE = "";
			};
			name = Release;
		};
		215450BE1B032F8D005A8A2A /* Debug */ = {
			isa = XCBuildConfiguration;
			buildSettings = {
				BUNDLE_LOADER = "$(TEST_HOST)";
				FRAMEWORK_SEARCH_PATHS = (
					"$(SDKROOT)/Developer/Library/Frameworks",
					"$(inherited)",
				);
				GCC_PREPROCESSOR_DEFINITIONS = (
					"DEBUG=1",
					"$(inherited)",
				);
				INFOPLIST_FILE = CXLSlideListTests/Info.plist;
				LD_RUNPATH_SEARCH_PATHS = "$(inherited) @executable_path/Frameworks @loader_path/Frameworks";
				PRODUCT_NAME = "$(TARGET_NAME)";
				TEST_HOST = "$(BUILT_PRODUCTS_DIR)/CXLSlideList.app/CXLSlideList";
			};
			name = Debug;
		};
		215450BF1B032F8D005A8A2A /* Release */ = {
			isa = XCBuildConfiguration;
			buildSettings = {
				BUNDLE_LOADER = "$(TEST_HOST)";
				FRAMEWORK_SEARCH_PATHS = (
					"$(SDKROOT)/Developer/Library/Frameworks",
					"$(inherited)",
				);
				INFOPLIST_FILE = CXLSlideListTests/Info.plist;
				LD_RUNPATH_SEARCH_PATHS = "$(inherited) @executable_path/Frameworks @loader_path/Frameworks";
				PRODUCT_NAME = "$(TARGET_NAME)";
				TEST_HOST = "$(BUILT_PRODUCTS_DIR)/CXLSlideList.app/CXLSlideList";
			};
			name = Release;
		};
/* End XCBuildConfiguration section */

/* Begin XCConfigurationList section */
		2154508F1B032F8D005A8A2A /* Build configuration list for PBXProject "CXLSlideList" */ = {
			isa = XCConfigurationList;
			buildConfigurations = (
				215450B81B032F8D005A8A2A /* Debug */,
				215450B91B032F8D005A8A2A /* Release */,
			);
			defaultConfigurationIsVisible = 0;
			defaultConfigurationName = Release;
		};
		215450BA1B032F8D005A8A2A /* Build configuration list for PBXNativeTarget "CXLSlideList" */ = {
			isa = XCConfigurationList;
			buildConfigurations = (
				215450BB1B032F8D005A8A2A /* Debug */,
				215450BC1B032F8D005A8A2A /* Release */,
			);
			defaultConfigurationIsVisible = 0;
			defaultConfigurationName = Release;
		};
		215450BD1B032F8D005A8A2A /* Build configuration list for PBXNativeTarget "CXLSlideListTests" */ = {
			isa = XCConfigurationList;
			buildConfigurations = (
				215450BE1B032F8D005A8A2A /* Debug */,
				215450BF1B032F8D005A8A2A /* Release */,
			);
			defaultConfigurationIsVisible = 0;
			defaultConfigurationName = Release;
		};
/* End XCConfigurationList section */

/* Begin XCVersionGroup section */
		2154509E1B032F8D005A8A2A /* CXLSlideList.xcdatamodeld */ = {
			isa = XCVersionGroup;
			children = (
				2154509F1B032F8D005A8A2A /* CXLSlideList.xcdatamodel */,
			);
			currentVersion = 2154509F1B032F8D005A8A2A /* CXLSlideList.xcdatamodel */;
			path = CXLSlideList.xcdatamodeld;
			sourceTree = "<group>";
			versionGroupType = wrapper.xcdatamodel;
		};
/* End XCVersionGroup section */
	};
	rootObject = 2154508C1B032F8D005A8A2A /* Project object */;
}
